
Microsoft Visual Studio Solution File, Format Version 12.00
# Visual Studio Version 16
VisualStudioVersion = 16.0.31624.102
MinimumVisualStudioVersion = 10.0.40219.1
Project("{9A19103F-16F7-4668-BE54-9A1E7A4F7556}") = "lab-1", "lab-1\lab-1.csproj", "{D02FC9D2-0A1B-4F64-9A5A-FCAA2DC50B93}"
EndProject
Project("{9A19103F-16F7-4668-BE54-9A1E7A4F7556}") = "lab-2", "lab-2\lab-2.csproj", "{22B81876-1FB1-4813-98F1-E49464A928CC}"
EndProject
Project("{9A19103F-16F7-4668-BE54-9A1E7A4F7556}") = "lab-2 cwiczenia", "lab-2 cwiczenia\lab-2 cwiczenia.csproj", "{569E954D-7A29-44DB-9C9A-73275F46CE4D}"
EndProject
Project("{9A19103F-16F7-4668-BE54-9A1E7A4F7556}") = "lab-3 cwiczenia", "lab-3 cwiczenia\lab-3 cwiczenia.csproj", "{BB824B83-1F71-4811-8494-7CA9A0486459}"
EndProject
Project("{9A19103F-16F7-4668-BE54-9A1E7A4F7556}") = "lab-4", "lab-4\lab-4.csproj", "{0632F932-5D5F-4352-B1C5-C803140BAA65}"
EndProject
Project("{9A19103F-16F7-4668-BE54-9A1E7A4F7556}") = "lab-4cwiczenie", "lab-4cwiczenie\lab-4cwiczenie.csproj", "{38ED6BBD-3A66-4EC4-B7B2-0F0AE9CE2DC5}"
EndProject
Project("{9A19103F-16F7-4668-BE54-9A1E7A4F7556}") = "lab-5", "lab-5\lab-5.csproj", "{E7527A71-5355-4073-9103-B43763DA6059}"
EndProject
Project("{9A19103F-16F7-4668-BE54-9A1E7A4F7556}") = "lab-6", "lab-6\lab-6.csproj", "{40D2CFA7-9645-4107-9AB7-411D482940D0}"
EndProject
Project("{9A19103F-16F7-4668-BE54-9A1E7A4F7556}") = "lab-7", "lab-7\lab-7.csproj", "{E6A532A2-835A-4006-A5C4-3AA85A46EB97}"
EndProject
Project("{9A19103F-16F7-4668-BE54-9A1E7A4F7556}") = "Lab-8", "Lab-8\Lab-8.csproj", "{74FCB7EE-F050-47F5-8527-CD1043455D9A}"
EndProject
Project("{9A19103F-16F7-4668-BE54-9A1E7A4F7556}") = "lab-9", "lab-9\lab-9.csproj", "{A523CE95-403B-4FAB-87D3-71AE19D16CD1}"
EndProject
Project("{FAE04EC0-301F-11D3-BF4B-00C04F79EFBC}") = "lab-14", "lab-14\lab-14.csproj", "{D4340BBF-4243-4DBF-A67B-DB4E89E718C9}"
EndProject
Global
	GlobalSection(SolutionConfigurationPlatforms) = preSolution
		Debug|Any CPU = Debug|Any CPU
		Release|Any CPU = Release|Any CPU
	EndGlobalSection
	GlobalSection(ProjectConfigurationPlatforms) = postSolution
		{D02FC9D2-0A1B-4F64-9A5A-FCAA2DC50B93}.Debug|Any CPU.ActiveCfg = Debug|Any CPU
		{D02FC9D2-0A1B-4F64-9A5A-FCAA2DC50B93}.Debug|Any CPU.Build.0 = Debug|Any CPU
		{D02FC9D2-0A1B-4F64-9A5A-FCAA2DC50B93}.Release|Any CPU.ActiveCfg = Release|Any CPU
		{D02FC9D2-0A1B-4F64-9A5A-FCAA2DC50B93}.Release|Any CPU.Build.0 = Release|Any CPU
		{22B81876-1FB1-4813-98F1-E49464A928CC}.Debug|Any CPU.ActiveCfg = Debug|Any CPU
		{22B81876-1FB1-4813-98F1-E49464A928CC}.Debug|Any CPU.Build.0 = Debug|Any CPU
		{22B81876-1FB1-4813-98F1-E49464A928CC}.Release|Any CPU.ActiveCfg = Release|Any CPU
		{22B81876-1FB1-4813-98F1-E49464A928CC}.Release|Any CPU.Build.0 = Release|Any CPU
		{569E954D-7A29-44DB-9C9A-73275F46CE4D}.Debug|Any CPU.ActiveCfg = Debug|Any CPU
		{569E954D-7A29-44DB-9C9A-73275F46CE4D}.Debug|Any CPU.Build.0 = Debug|Any CPU
		{569E954D-7A29-44DB-9C9A-73275F46CE4D}.Release|Any CPU.ActiveCfg = Release|Any CPU
		{569E954D-7A29-44DB-9C9A-73275F46CE4D}.Release|Any CPU.Build.0 = Release|Any CPU
		{BB824B83-1F71-4811-8494-7CA9A0486459}.Debug|Any CPU.ActiveCfg = Debug|Any CPU
		{BB824B83-1F71-4811-8494-7CA9A0486459}.Debug|Any CPU.Build.0 = Debug|Any CPU
		{BB824B83-1F71-4811-8494-7CA9A0486459}.Release|Any CPU.ActiveCfg = Release|Any CPU
		{BB824B83-1F71-4811-8494-7CA9A0486459}.Release|Any CPU.Build.0 = Release|Any CPU
		{0632F932-5D5F-4352-B1C5-C803140BAA65}.Debug|Any CPU.ActiveCfg = Debug|Any CPU
		{0632F932-5D5F-4352-B1C5-C803140BAA65}.Debug|Any CPU.Build.0 = Debug|Any CPU
		{0632F932-5D5F-4352-B1C5-C803140BAA65}.Release|Any CPU.ActiveCfg = Release|Any CPU
		{0632F932-5D5F-4352-B1C5-C803140BAA65}.Release|Any CPU.Build.0 = Release|Any CPU
		{38ED6BBD-3A66-4EC4-B7B2-0F0AE9CE2DC5}.Debug|Any CPU.ActiveCfg = Debug|Any CPU
		{38ED6BBD-3A66-4EC4-B7B2-0F0AE9CE2DC5}.Debug|Any CPU.Build.0 = Debug|Any CPU
		{38ED6BBD-3A66-4EC4-B7B2-0F0AE9CE2DC5}.Release|Any CPU.ActiveCfg = Release|Any CPU
		{38ED6BBD-3A66-4EC4-B7B2-0F0AE9CE2DC5}.Release|Any CPU.Build.0 = Release|Any CPU
		{E7527A71-5355-4073-9103-B43763DA6059}.Debug|Any CPU.ActiveCfg = Debug|Any CPU
		{E7527A71-5355-4073-9103-B43763DA6059}.Debug|Any CPU.Build.0 = Debug|Any CPU
		{E7527A71-5355-4073-9103-B43763DA6059}.Release|Any CPU.ActiveCfg = Release|Any CPU
		{E7527A71-5355-4073-9103-B43763DA6059}.Release|Any CPU.Build.0 = Release|Any CPU
		{40D2CFA7-9645-4107-9AB7-411D482940D0}.Debug|Any CPU.ActiveCfg = Debug|Any CPU
		{40D2CFA7-9645-4107-9AB7-411D482940D0}.Debug|Any CPU.Build.0 = Debug|Any CPU
		{40D2CFA7-9645-4107-9AB7-411D482940D0}.Release|Any CPU.ActiveCfg = Release|Any CPU
		{40D2CFA7-9645-4107-9AB7-411D482940D0}.Release|Any CPU.Build.0 = Release|Any CPU
		{E6A532A2-835A-4006-A5C4-3AA85A46EB97}.Debug|Any CPU.ActiveCfg = Debug|Any CPU
		{E6A532A2-835A-4006-A5C4-3AA85A46EB97}.Debug|Any CPU.Build.0 = Debug|Any CPU
		{E6A532A2-835A-4006-A5C4-3AA85A46EB97}.Release|Any CPU.ActiveCfg = Release|Any CPU
		{E6A532A2-835A-4006-A5C4-3AA85A46EB97}.Release|Any CPU.Build.0 = Release|Any CPU
		{74FCB7EE-F050-47F5-8527-CD1043455D9A}.Debug|Any CPU.ActiveCfg = Debug|Any CPU
		{74FCB7EE-F050-47F5-8527-CD1043455D9A}.Debug|Any CPU.Build.0 = Debug|Any CPU
		{74FCB7EE-F050-47F5-8527-CD1043455D9A}.Release|Any CPU.ActiveCfg = Release|Any CPU
		{74FCB7EE-F050-47F5-8527-CD1043455D9A}.Release|Any CPU.Build.0 = Release|Any CPU
		{A523CE95-403B-4FAB-87D3-71AE19D16CD1}.Debug|Any CPU.ActiveCfg = Debug|Any CPU
		{A523CE95-403B-4FAB-87D3-71AE19D16CD1}.Debug|Any CPU.Build.0 = Debug|Any CPU
		{A523CE95-403B-4FAB-87D3-71AE19D16CD1}.Release|Any CPU.ActiveCfg = Release|Any CPU
		{A523CE95-403B-4FAB-87D3-71AE19D16CD1}.Release|Any CPU.Build.0 = Release|Any CPU
		{D4340BBF-4243-4DBF-A67B-DB4E89E718C9}.Debug|Any CPU.ActiveCfg = Debug|Any CPU
		{D4340BBF-4243-4DBF-A67B-DB4E89E718C9}.Debug|Any CPU.Build.0 = Debug|Any CPU
		{D4340BBF-4243-4DBF-A67B-DB4E89E718C9}.Release|Any CPU.ActiveCfg = Release|Any CPU
		{D4340BBF-4243-4DBF-A67B-DB4E89E718C9}.Release|Any CPU.Build.0 = Release|Any CPU
	EndGlobalSection
	GlobalSection(SolutionProperties) = preSolution
		HideSolutionNode = FALSE
	EndGlobalSection
	GlobalSection(ExtensibilityGlobals) = postSolution
		SolutionGuid = {9EF54219-4CA4-4A31-ADA6-0148A445FD94}
	EndGlobalSection
EndGlobal
